
Microsoft Visual Studio Solution File, Format Version 12.00
# Visual Studio Version 16
VisualStudioVersion = 16.0.29306.81
MinimumVisualStudioVersion = 10.0.40219.1
Project("{F184B08F-C81C-45F6-A57F-5ABD9991F28F}") = "MonsterSplitter", "MonsterSplitter.vbproj", "{9854728C-AAB2-46CE-898E-7E373D8F56BA}"
EndProject
Project("{F184B08F-C81C-45F6-A57F-5ABD9991F28F}") = "MonsterSplitter.Data.SQLServer", "..\MonsterSplitter.Data.SQLServer\MonsterSplitter.Data.SQLServer.vbproj", "{7F7D94A2-5787-484A-BF82-BCB1E1B2017C}"
EndProject
Project("{F184B08F-C81C-45F6-A57F-5ABD9991F28F}") = "MonsterSplitter.Updater", "..\MonsterSplitter.Updater\MonsterSplitter.Updater.vbproj", "{7E11E4B6-CE41-4BC9-AA97-39157EE8E5A2}"
EndProject
Global
	GlobalSection(SolutionConfigurationPlatforms) = preSolution
		Debug|Any CPU = Debug|Any CPU
		Release|Any CPU = Release|Any CPU
	EndGlobalSection
	GlobalSection(ProjectConfigurationPlatforms) = postSolution
		{9854728C-AAB2-46CE-898E-7E373D8F56BA}.Debug|Any CPU.ActiveCfg = Debug|Any CPU
		{9854728C-AAB2-46CE-898E-7E373D8F56BA}.Debug|Any CPU.Build.0 = Debug|Any CPU
		{9854728C-AAB2-46CE-898E-7E373D8F56BA}.Release|Any CPU.ActiveCfg = Release|Any CPU
		{9854728C-AAB2-46CE-898E-7E373D8F56BA}.Release|Any CPU.Build.0 = Release|Any CPU
		{7F7D94A2-5787-484A-BF82-BCB1E1B2017C}.Debug|Any CPU.ActiveCfg = Debug|Any CPU
		{7F7D94A2-5787-484A-BF82-BCB1E1B2017C}.Debug|Any CPU.Build.0 = Debug|Any CPU
		{7F7D94A2-5787-484A-BF82-BCB1E1B2017C}.Release|Any CPU.ActiveCfg = Release|Any CPU
		{7F7D94A2-5787-484A-BF82-BCB1E1B2017C}.Release|Any CPU.Build.0 = Release|Any CPU
		{7E11E4B6-CE41-4BC9-AA97-39157EE8E5A2}.Debug|Any CPU.ActiveCfg = Debug|Any CPU
		{7E11E4B6-CE41-4BC9-AA97-39157EE8E5A2}.Debug|Any CPU.Build.0 = Debug|Any CPU
		{7E11E4B6-CE41-4BC9-AA97-39157EE8E5A2}.Release|Any CPU.ActiveCfg = Release|Any CPU
		{7E11E4B6-CE41-4BC9-AA97-39157EE8E5A2}.Release|Any CPU.Build.0 = Release|Any CPU
	EndGlobalSection
	GlobalSection(SolutionProperties) = preSolution
		HideSolutionNode = FALSE
	EndGlobalSection
	GlobalSection(ExtensibilityGlobals) = postSolution
		SolutionGuid = {DCE637CD-2D75-481C-8E9F-C61862F588D4}
	EndGlobalSection
EndGlobal
